
Microsoft Visual Studio Solution File, Format Version 12.00
# Visual Studio Version 17
VisualStudioVersion = 17.9.34728.123
MinimumVisualStudioVersion = 10.0.40219.1
Project("{FAE04EC0-301F-11D3-BF4B-00C04F79EFBC}") = "EJERCICIO_2_CALCULADORA", "EJERCICIO_2_CALCULADORA.csproj", "{ED440497-3C84-4F32-A896-33B5F6664E29}"
EndProject
Global
	GlobalSection(SolutionConfigurationPlatforms) = preSolution
		Debug|Any CPU = Debug|Any CPU
		Release|Any CPU = Release|Any CPU
	EndGlobalSection
	GlobalSection(ProjectConfigurationPlatforms) = postSolution
		{ED440497-3C84-4F32-A896-33B5F6664E29}.Debug|Any CPU.ActiveCfg = Debug|Any CPU
		{ED440497-3C84-4F32-A896-33B5F6664E29}.Debug|Any CPU.Build.0 = Debug|Any CPU
		{ED440497-3C84-4F32-A896-33B5F6664E29}.Release|Any CPU.ActiveCfg = Release|Any CPU
		{ED440497-3C84-4F32-A896-33B5F6664E29}.Release|Any CPU.Build.0 = Release|Any CPU
	EndGlobalSection
	GlobalSection(SolutionProperties) = preSolution
		HideSolutionNode = FALSE
	EndGlobalSection
	GlobalSection(ExtensibilityGlobals) = postSolution
		SolutionGuid = {8D16C247-9B35-4CBD-A680-6EB18D156B4B}
	EndGlobalSection
EndGlobal
